{
  "name": "mini-rx-store",
  "version": "1.0.0-beta.13",
  "lockfileVersion": 1,
  "requires": true,
  "dependencies": {
    "memoize-one": {
      "version": "5.1.1",
      "resolved": "http://nexus-npm.haven.antwerpen.local/repository/amaris-npm/memoize-one/-/memoize-one-5.1.1.tgz",
      "integrity": "sha512-HKeeBpWvqiVJD57ZUAsJNm71eHTykffzcLZVYWiVfQeI1rJtuEaS7hQiEpWfVVk18donPwJEcFKIkCmPJNOhHA=="
    }
  }
}
