{
    "name": "mini-rx-ng-devtools",
    "version": "0.0.4",
    "lockfileVersion": 1,
    "requires": true,
    "dependencies": {
        "memoize-one": {
            "version": "5.1.1",
            "resolved": "https://registry.npmjs.org/memoize-one/-/memoize-one-5.1.1.tgz",
            "integrity": "sha512-HKeeBpWvqiVJD57ZUAsJNm71eHTykffzcLZVYWiVfQeI1rJtuEaS7hQiEpWfVVk18donPwJEcFKIkCmPJNOhHA==",
            "dev": true
        },
        "mini-rx-store": {
            "version": "1.0.0-beta.8",
            "resolved": "https://registry.npmjs.org/mini-rx-store/-/mini-rx-store-1.0.0-beta.8.tgz",
            "integrity": "sha512-P/Ugl65H3CjXQaVxFkA0HcmGcprueN3KQgzk6PIWmAIV7MgzAaUlZVcOqvR3kI6arT/LI+uk9xkIRT/GSaCWGg==",
            "dev": true,
            "requires": {
                "memoize-one": "^5.1.1",
                "tslib": "^1.9.0"
            }
        },
        "tslib": {
            "version": "1.11.1",
            "resolved": "https://registry.npmjs.org/tslib/-/tslib-1.11.1.tgz",
            "integrity": "sha512-aZW88SY8kQbU7gpV19lN24LtXh/yD4ZZg6qieAJDDg+YBsJcSmLGK9QpnUjAKVG/xefmvJGd1WUmfpT/g6AJGA==",
            "dev": true
        }
    }
}
